
Microsoft Visual Studio Solution File, Format Version 12.00
# Visual Studio Version 17
VisualStudioVersion = 17.14.36414.22
MinimumVisualStudioVersion = 10.0.40219.1
Project("{FAE04EC0-301F-11D3-BF4B-00C04F79EFBC}") = "StringViewer1", "StringViewer1\StringViewer1.csproj", "{63759F11-2697-4866-8F7F-F5A5B4796DDB}"
EndProject
Global
	GlobalSection(SolutionConfigurationPlatforms) = preSolution
		Debug|Any CPU = Debug|Any CPU
		Debug|x64 = Debug|x64
		Release|Any CPU = Release|Any CPU
		Release|x64 = Release|x64
	EndGlobalSection
	GlobalSection(ProjectConfigurationPlatforms) = postSolution
		{63759F11-2697-4866-8F7F-F5A5B4796DDB}.Debug|Any CPU.ActiveCfg = Debug|Any CPU
		{63759F11-2697-4866-8F7F-F5A5B4796DDB}.Debug|Any CPU.Build.0 = Debug|Any CPU
		{63759F11-2697-4866-8F7F-F5A5B4796DDB}.Debug|x64.ActiveCfg = Debug|x64
		{63759F11-2697-4866-8F7F-F5A5B4796DDB}.Debug|x64.Build.0 = Debug|x64
		{63759F11-2697-4866-8F7F-F5A5B4796DDB}.Release|Any CPU.ActiveCfg = Release|Any CPU
		{63759F11-2697-4866-8F7F-F5A5B4796DDB}.Release|Any CPU.Build.0 = Release|Any CPU
		{63759F11-2697-4866-8F7F-F5A5B4796DDB}.Release|x64.ActiveCfg = Release|x64
		{63759F11-2697-4866-8F7F-F5A5B4796DDB}.Release|x64.Build.0 = Release|x64
	EndGlobalSection
	GlobalSection(SolutionProperties) = preSolution
		HideSolutionNode = FALSE
	EndGlobalSection
	GlobalSection(ExtensibilityGlobals) = postSolution
		SolutionGuid = {B57F23A0-A8BD-45A3-BACF-C42DFF3B3033}
	EndGlobalSection
EndGlobal
